
Microsoft Visual Studio Solution File, Format Version 12.00
# Visual Studio Version 16
VisualStudioVersion = 16.0.31702.278
MinimumVisualStudioVersion = 10.0.40219.1
Project("{FAE04EC0-301F-11D3-BF4B-00C04F79EFBC}") = "CustomQuery", "CustomQuery\CustomQuery.csproj", "{CD8ADAD3-67C3-492D-8546-BC0866537303}"
EndProject
Global
	GlobalSection(SolutionConfigurationPlatforms) = preSolution
		Debug|Any CPU = Debug|Any CPU
		Release|Any CPU = Release|Any CPU
	EndGlobalSection
	GlobalSection(ProjectConfigurationPlatforms) = postSolution
		{CD8ADAD3-67C3-492D-8546-BC0866537303}.Debug|Any CPU.ActiveCfg = Debug|Any CPU
		{CD8ADAD3-67C3-492D-8546-BC0866537303}.Debug|Any CPU.Build.0 = Debug|Any CPU
		{CD8ADAD3-67C3-492D-8546-BC0866537303}.Release|Any CPU.ActiveCfg = Release|Any CPU
		{CD8ADAD3-67C3-492D-8546-BC0866537303}.Release|Any CPU.Build.0 = Release|Any CPU
	EndGlobalSection
	GlobalSection(SolutionProperties) = preSolution
		HideSolutionNode = FALSE
	EndGlobalSection
	GlobalSection(ExtensibilityGlobals) = postSolution
		SolutionGuid = {644884B6-8649-4FF0-AF70-61D5FF0BFBAA}
	EndGlobalSection
EndGlobal
